<?xml version="1.0" encoding="utf-8"?>
<Project ToolsVersion="4.0" xmlns="http://schemas.microsoft.com/developer/msbuild/2003">
  <ItemGroup>
    <Filter Include="Source Files">
      <UniqueIdentifier>{4FC737F1-C7A5-4376-A066-2A32D752A2FF}</UniqueIdentifier>
      <Extensions>cpp;c;cc;cxx;c++;cppm;ixx;def;odl;idl;hpj;bat;asm;asmx</Extensions>
    </Filter>
    <Filter Include="Header Files">
      <UniqueIdentifier>{93995380-89BD-4b04-88EB-625FBE52EBFB}</UniqueIdentifier>
      <Extensions>h;hh;hpp;hxx;h++;hm;inl;inc;ipp;xsd</Extensions>
    </Filter>
    <Filter Include="Resource Files">
      <UniqueIdentifier>{67DA6AB6-F800-4c08-8B7A-83BB121AAD01}</UniqueIdentifier>
      <Extensions>rc;ico;cur;bmp;dlg;rc2;rct;bin;rgs;gif;jpg;jpeg;jpe;resx;tiff;tif;png;wav;mfcribbon-ms</Extensions>
    </Filter>
    <Filter Include="libCompression">
      <UniqueIdentifier>{419a0d20-4a7d-4dbd-b07d-10adabaf8448}</UniqueIdentifier>
    </Filter>
    <Filter Include="libStringConverter">
      <UniqueIdentifier>{16cc2d35-5741-45be-8135-585b3a9d5927}</UniqueIdentifier>
    </Filter>
    <Filter Include="inc">
      <UniqueIdentifier>{b3800382-90ba-4e4c-b70e-cfb3cad8bfc3}</UniqueIdentifier>
    </Filter>
    <Filter Include="inc\LZMA">
      <UniqueIdentifier>{81889b46-1907-45cf-980a-a1937d027bad}</UniqueIdentifier>
    </Filter>
  </ItemGroup>
  <ItemGroup>
    <ClCompile Include="AssetsFileToolC++.cpp">
      <Filter>Source Files</Filter>
    </ClCompile>
    <ClCompile Include="AssetsFileFormat.cpp">
      <Filter>Source Files</Filter>
    </ClCompile>
    <ClCompile Include="AssetsFileReader.cpp">
      <Filter>Source Files</Filter>
    </ClCompile>
    <ClCompile Include="stdafx.cpp">
      <Filter>Source Files</Filter>
    </ClCompile>
    <ClCompile Include="AssetsReplacer.cpp">
      <Filter>Source Files</Filter>
    </ClCompile>
    <ClCompile Include="ClassDatabaseFile.cpp">
      <Filter>Source Files</Filter>
    </ClCompile>
    <ClCompile Include="FileOpenService.cpp">
      <Filter>Source Files</Filter>
    </ClCompile>
    <ClCompile Include="FileContext.cpp">
      <Filter>Source Files</Filter>
    </ClCompile>
    <ClCompile Include="AssetsFileTable.cpp">
      <Filter>Source Files</Filter>
    </ClCompile>
    <ClCompile Include="AssetTypeClass.cpp">
      <Filter>Source Files</Filter>
    </ClCompile>
    <ClCompile Include="libCompression\lz4.c">
      <Filter>libCompression</Filter>
    </ClCompile>
    <ClCompile Include="libCompression\lz4dec.cpp">
      <Filter>libCompression</Filter>
    </ClCompile>
    <ClCompile Include="libCompression\lz4enc.cpp">
      <Filter>libCompression</Filter>
    </ClCompile>
    <ClCompile Include="libCompression\lz4frame.c">
      <Filter>libCompression</Filter>
    </ClCompile>
    <ClCompile Include="libCompression\lz4hc.c">
      <Filter>libCompression</Filter>
    </ClCompile>
    <ClCompile Include="libCompression\LzFind.c">
      <Filter>libCompression</Filter>
    </ClCompile>
    <ClCompile Include="libCompression\LzFindMt.c">
      <Filter>libCompression</Filter>
    </ClCompile>
    <ClCompile Include="libCompression\LzmaDec.c">
      <Filter>libCompression</Filter>
    </ClCompile>
    <ClCompile Include="libCompression\LzmaEnc.c">
      <Filter>libCompression</Filter>
    </ClCompile>
    <ClCompile Include="libCompression\Threads.c">
      <Filter>libCompression</Filter>
    </ClCompile>
    <ClCompile Include="libCompression\xxhash.c">
      <Filter>libCompression</Filter>
    </ClCompile>
    <ClCompile Include="libStringConverter\convert.cpp">
      <Filter>libStringConverter</Filter>
    </ClCompile>
  </ItemGroup>
  <ItemGroup>
    <ClInclude Include="AssetsFileFormat.h">
      <Filter>Header Files</Filter>
    </ClInclude>
    <ClInclude Include="AssetsFileFormatTypes.h">
      <Filter>Header Files</Filter>
    </ClInclude>
    <ClInclude Include="AssetsFileReader.h">
      <Filter>Header Files</Filter>
    </ClInclude>
    <ClInclude Include="defines.h">
      <Filter>Header Files</Filter>
    </ClInclude>
    <ClInclude Include="stdafx.h">
      <Filter>Header Files</Filter>
    </ClInclude>
    <ClInclude Include="AssetsReplacer.h">
      <Filter>Header Files</Filter>
    </ClInclude>
    <ClInclude Include="InternalAssetsReplacer.h">
      <Filter>Header Files</Filter>
    </ClInclude>
    <ClInclude Include="ClassDatabaseFile.h">
      <Filter>Header Files</Filter>
    </ClInclude>
    <ClInclude Include="FileOpenService.h">
      <Filter>Header Files</Filter>
    </ClInclude>
    <ClInclude Include="FileContext.h">
      <Filter>Header Files</Filter>
    </ClInclude>
    <ClInclude Include="AssetsFileTable.h">
      <Filter>Header Files</Filter>
    </ClInclude>
    <ClInclude Include="AssetTypeClass.h">
      <Filter>Header Files</Filter>
    </ClInclude>
    <ClInclude Include="libCompression\7zTypes.h">
      <Filter>libCompression</Filter>
    </ClInclude>
    <ClInclude Include="libCompression\api.h">
      <Filter>libCompression</Filter>
    </ClInclude>
    <ClInclude Include="libCompression\Compiler.h">
      <Filter>libCompression</Filter>
    </ClInclude>
    <ClInclude Include="libCompression\lz4.h">
      <Filter>libCompression</Filter>
    </ClInclude>
    <ClInclude Include="libCompression\lz4dec.h">
      <Filter>libCompression</Filter>
    </ClInclude>
    <ClInclude Include="libCompression\lz4e.h">
      <Filter>libCompression</Filter>
    </ClInclude>
    <ClInclude Include="libCompression\lz4enc.h">
      <Filter>libCompression</Filter>
    </ClInclude>
    <ClInclude Include="libCompression\lz4frame.h">
      <Filter>libCompression</Filter>
    </ClInclude>
    <ClInclude Include="libCompression\lz4frame_static.h">
      <Filter>libCompression</Filter>
    </ClInclude>
    <ClInclude Include="libCompression\lz4hc.h">
      <Filter>libCompression</Filter>
    </ClInclude>
    <ClInclude Include="libCompression\LzFind.h">
      <Filter>libCompression</Filter>
    </ClInclude>
    <ClInclude Include="libCompression\LzFindMt.h">
      <Filter>libCompression</Filter>
    </ClInclude>
    <ClInclude Include="libCompression\LzHash.h">
      <Filter>libCompression</Filter>
    </ClInclude>
    <ClInclude Include="libCompression\LzmaDec.h">
      <Filter>libCompression</Filter>
    </ClInclude>
    <ClInclude Include="libCompression\LzmaEnc.h">
      <Filter>libCompression</Filter>
    </ClInclude>
    <ClInclude Include="libCompression\Precomp.h">
      <Filter>libCompression</Filter>
    </ClInclude>
    <ClInclude Include="libCompression\Threads.h">
      <Filter>libCompression</Filter>
    </ClInclude>
    <ClInclude Include="libCompression\xxhash.h">
      <Filter>libCompression</Filter>
    </ClInclude>
    <ClInclude Include="libStringConverter\convert.h">
      <Filter>libStringConverter</Filter>
    </ClInclude>
    <ClInclude Include="inc\half.hpp">
      <Filter>inc</Filter>
    </ClInclude>
    <ClInclude Include="inc\LZMA\7zTypes.h">
      <Filter>inc\LZMA</Filter>
    </ClInclude>
    <ClInclude Include="inc\LZMA\api.h">
      <Filter>inc\LZMA</Filter>
    </ClInclude>
    <ClInclude Include="inc\LZMA\LzmaDec.h">
      <Filter>inc\LZMA</Filter>
    </ClInclude>
    <ClInclude Include="inc\LZMA\LzmaEnc.h">
      <Filter>inc\LZMA</Filter>
    </ClInclude>
    <ClInclude Include="inc\LZMA\LzmaLib.h">
      <Filter>inc\LZMA</Filter>
    </ClInclude>
    <ClInclude Include="inc\LZMA\Types.h">
      <Filter>inc\LZMA</Filter>
    </ClInclude>
  </ItemGroup>
  <ItemGroup>
    <Text Include="libCompression\CMakeLists.txt">
      <Filter>libCompression</Filter>
    </Text>
    <Text Include="libStringConverter\CMakeLists.txt">
      <Filter>libStringConverter</Filter>
    </Text>
  </ItemGroup>
  <ItemGroup>
    <None Include="libCompression\lz4_LICENSE">
      <Filter>libCompression</Filter>
    </None>
  </ItemGroup>
</Project>